{
  "nodes": {
    "nixpkgs": {
      "locked": {
        "lastModified": 1749024892,
        "narHash": "sha256-OGcDEz60TXQC+gVz5sdtgGJdKVYr6rwdzQKuZAJQpCA=",
        "owner": "nixos",
        "repo": "nixpkgs",
        "rev": "8f1b52b04f2cb6e5ead50bd28d76528a2f0380ef",
        "type": "github"
      },
      "original": {
        "owner": "nixos",
        "ref": "nixos-25.05",
        "repo": "nixpkgs",
        "type": "github"
      }
    },
    "nixpkgs-unstable": {
      "locked": {
        "lastModified": 1748929857,
        "narHash": "sha256-lcZQ8RhsmhsK8u7LIFsJhsLh/pzR9yZ8yqpTzyGdj+Q=",
        "owner": "nixos",
        "repo": "nixpkgs",
        "rev": "c2a03962b8e24e669fb37b7df10e7c79531ff1a4",
        "type": "github"
      },
      "original": {
        "owner": "nixos",
        "ref": "nixos-unstable",
        "repo": "nixpkgs",
        "type": "github"
      }
    },
    "root": {
      "inputs": {
        "nixpkgs": "nixpkgs",
        "nixpkgs-unstable": "nixpkgs-unstable",
        "ssh-keys-github": "ssh-keys-github"
      }
    },
    "ssh-keys-github": {
      "flake": false,
      "locked": {
        "narHash": "sha256-Vqr7nex/y4OlzBrW39108KTTMDfvw9WE+SXH/ICVjHs=",
        "type": "file",
        "url": "https://github.com/sandorex.keys"
      },
      "original": {
        "type": "file",
        "url": "https://github.com/sandorex.keys"
      }
    }
  },
  "root": "root",
  "version": 7
}
